
Microsoft Visual Studio Solution File, Format Version 12.00
# Visual Studio Version 17
VisualStudioVersion = 17.2.32519.379
MinimumVisualStudioVersion = 10.0.40219.1
Project("{FAE04EC0-301F-11D3-BF4B-00C04F79EFBC}") = "LISSING", "LISSING\LISSING.csproj", "{2EE56CEF-5692-4A1B-A39F-E692B4C3398A}"
EndProject
Global
	GlobalSection(SolutionConfigurationPlatforms) = preSolution
		Debug|Any CPU = Debug|Any CPU
		Release|Any CPU = Release|Any CPU
	EndGlobalSection
	GlobalSection(ProjectConfigurationPlatforms) = postSolution
		{2EE56CEF-5692-4A1B-A39F-E692B4C3398A}.Debug|Any CPU.ActiveCfg = Debug|Any CPU
		{2EE56CEF-5692-4A1B-A39F-E692B4C3398A}.Debug|Any CPU.Build.0 = Debug|Any CPU
		{2EE56CEF-5692-4A1B-A39F-E692B4C3398A}.Release|Any CPU.ActiveCfg = Release|Any CPU
		{2EE56CEF-5692-4A1B-A39F-E692B4C3398A}.Release|Any CPU.Build.0 = Release|Any CPU
	EndGlobalSection
	GlobalSection(SolutionProperties) = preSolution
		HideSolutionNode = FALSE
	EndGlobalSection
	GlobalSection(ExtensibilityGlobals) = postSolution
		SolutionGuid = {1D635ACD-B36F-47BF-8252-5B346A841BB6}
	EndGlobalSection
EndGlobal
